
Microsoft Visual Studio Solution File, Format Version 12.00
# Visual Studio 15
VisualStudioVersion = 15.0.28307.757
MinimumVisualStudioVersion = 10.0.40219.1
Project("{9A19103F-16F7-4668-BE54-9A1E7A4F7556}") = "DataFLowBlockCancellationDemo", "DataFLowBlockCancellationDemo\DataFLowBlockCancellationDemo.csproj", "{C731022B-195F-4930-A9ED-2F3137093A4C}"
EndProject
Project("{FAE04EC0-301F-11D3-BF4B-00C04F79EFBC}") = "TestDemo", "TestDemo\TestDemo.csproj", "{BA36F426-C99E-4689-8962-D007ABD895FB}"
EndProject
Project("{FAE04EC0-301F-11D3-BF4B-00C04F79EFBC}") = "TPLDemo", "TPLDemo\TPLDemo.csproj", "{8BFC626D-6194-419E-881D-534597304C87}"
EndProject
Project("{FAE04EC0-301F-11D3-BF4B-00C04F79EFBC}") = "TPLUniteTestingDemo", "TPLUniteTestingDemo\TPLUniteTestingDemo.csproj", "{76D029A8-F47D-4A2E-8F5F-F7DB2D3DF2CC}"
EndProject
Global
	GlobalSection(SolutionConfigurationPlatforms) = preSolution
		Debug|Any CPU = Debug|Any CPU
		Release|Any CPU = Release|Any CPU
	EndGlobalSection
	GlobalSection(ProjectConfigurationPlatforms) = postSolution
		{C731022B-195F-4930-A9ED-2F3137093A4C}.Debug|Any CPU.ActiveCfg = Debug|Any CPU
		{C731022B-195F-4930-A9ED-2F3137093A4C}.Debug|Any CPU.Build.0 = Debug|Any CPU
		{C731022B-195F-4930-A9ED-2F3137093A4C}.Release|Any CPU.ActiveCfg = Release|Any CPU
		{C731022B-195F-4930-A9ED-2F3137093A4C}.Release|Any CPU.Build.0 = Release|Any CPU
		{BA36F426-C99E-4689-8962-D007ABD895FB}.Debug|Any CPU.ActiveCfg = Debug|Any CPU
		{BA36F426-C99E-4689-8962-D007ABD895FB}.Debug|Any CPU.Build.0 = Debug|Any CPU
		{BA36F426-C99E-4689-8962-D007ABD895FB}.Release|Any CPU.ActiveCfg = Release|Any CPU
		{BA36F426-C99E-4689-8962-D007ABD895FB}.Release|Any CPU.Build.0 = Release|Any CPU
		{8BFC626D-6194-419E-881D-534597304C87}.Debug|Any CPU.ActiveCfg = Debug|Any CPU
		{8BFC626D-6194-419E-881D-534597304C87}.Debug|Any CPU.Build.0 = Debug|Any CPU
		{8BFC626D-6194-419E-881D-534597304C87}.Release|Any CPU.ActiveCfg = Release|Any CPU
		{8BFC626D-6194-419E-881D-534597304C87}.Release|Any CPU.Build.0 = Release|Any CPU
		{76D029A8-F47D-4A2E-8F5F-F7DB2D3DF2CC}.Debug|Any CPU.ActiveCfg = Debug|Any CPU
		{76D029A8-F47D-4A2E-8F5F-F7DB2D3DF2CC}.Debug|Any CPU.Build.0 = Debug|Any CPU
		{76D029A8-F47D-4A2E-8F5F-F7DB2D3DF2CC}.Release|Any CPU.ActiveCfg = Release|Any CPU
		{76D029A8-F47D-4A2E-8F5F-F7DB2D3DF2CC}.Release|Any CPU.Build.0 = Release|Any CPU
	EndGlobalSection
	GlobalSection(SolutionProperties) = preSolution
		HideSolutionNode = FALSE
	EndGlobalSection
	GlobalSection(ExtensibilityGlobals) = postSolution
		SolutionGuid = {02317450-545D-4A35-8ED8-30CAB6308DEE}
	EndGlobalSection
EndGlobal
